
Microsoft Visual Studio Solution File, Format Version 12.00
# Visual Studio Version 17
VisualStudioVersion = 17.6.33815.320
MinimumVisualStudioVersion = 10.0.40219.1
Project("{9A19103F-16F7-4668-BE54-9A1E7A4F7556}") = "GeoIp.Tests", "GeoIp.Tests\GeoIp.Tests.csproj", "{B0B21248-461C-47E0-AF73-489FF0C5B828}"
EndProject
Project("{9A19103F-16F7-4668-BE54-9A1E7A4F7556}") = "GeoIp", "GeoIp\GeoIp.csproj", "{60C492FC-2B73-4834-B546-C3A8D4ABDF49}"
EndProject
Project("{9A19103F-16F7-4668-BE54-9A1E7A4F7556}") = "GeoIp.CLI", "GeoIp.CLI\GeoIp.CLI.csproj", "{F2492897-B2C1-49A9-A85A-2D7CFAC7B1E9}"
EndProject
Project("{9A19103F-16F7-4668-BE54-9A1E7A4F7556}") = "GeoIp.Web", "GeoIp.Web\GeoIp.Web.csproj", "{5193F2A4-A1A4-4244-982F-66545D5115C0}"
EndProject
Global
	GlobalSection(SolutionConfigurationPlatforms) = preSolution
		Debug|Any CPU = Debug|Any CPU
		Release|Any CPU = Release|Any CPU
	EndGlobalSection
	GlobalSection(ProjectConfigurationPlatforms) = postSolution
		{B0B21248-461C-47E0-AF73-489FF0C5B828}.Debug|Any CPU.ActiveCfg = Debug|Any CPU
		{B0B21248-461C-47E0-AF73-489FF0C5B828}.Debug|Any CPU.Build.0 = Debug|Any CPU
		{B0B21248-461C-47E0-AF73-489FF0C5B828}.Release|Any CPU.ActiveCfg = Release|Any CPU
		{B0B21248-461C-47E0-AF73-489FF0C5B828}.Release|Any CPU.Build.0 = Release|Any CPU
		{60C492FC-2B73-4834-B546-C3A8D4ABDF49}.Debug|Any CPU.ActiveCfg = Debug|Any CPU
		{60C492FC-2B73-4834-B546-C3A8D4ABDF49}.Debug|Any CPU.Build.0 = Debug|Any CPU
		{60C492FC-2B73-4834-B546-C3A8D4ABDF49}.Release|Any CPU.ActiveCfg = Release|Any CPU
		{60C492FC-2B73-4834-B546-C3A8D4ABDF49}.Release|Any CPU.Build.0 = Release|Any CPU
		{F2492897-B2C1-49A9-A85A-2D7CFAC7B1E9}.Debug|Any CPU.ActiveCfg = Debug|Any CPU
		{F2492897-B2C1-49A9-A85A-2D7CFAC7B1E9}.Debug|Any CPU.Build.0 = Debug|Any CPU
		{F2492897-B2C1-49A9-A85A-2D7CFAC7B1E9}.Release|Any CPU.ActiveCfg = Release|Any CPU
		{F2492897-B2C1-49A9-A85A-2D7CFAC7B1E9}.Release|Any CPU.Build.0 = Release|Any CPU
		{5193F2A4-A1A4-4244-982F-66545D5115C0}.Debug|Any CPU.ActiveCfg = Debug|Any CPU
		{5193F2A4-A1A4-4244-982F-66545D5115C0}.Debug|Any CPU.Build.0 = Debug|Any CPU
		{5193F2A4-A1A4-4244-982F-66545D5115C0}.Release|Any CPU.ActiveCfg = Release|Any CPU
		{5193F2A4-A1A4-4244-982F-66545D5115C0}.Release|Any CPU.Build.0 = Release|Any CPU
	EndGlobalSection
	GlobalSection(SolutionProperties) = preSolution
		HideSolutionNode = FALSE
	EndGlobalSection
	GlobalSection(ExtensibilityGlobals) = postSolution
		SolutionGuid = {219EA3E1-8CF4-4935-961C-45C64CD7BD92}
	EndGlobalSection
EndGlobal
